
Microsoft Visual Studio Solution File, Format Version 12.00
# Visual Studio Version 16
VisualStudioVersion = 16.0.29519.87
MinimumVisualStudioVersion = 10.0.40219.1
Project("{FAE04EC0-301F-11D3-BF4B-00C04F79EFBC}") = "Retro Game Camera.UWP", "Retro Game Camera\Retro Game Camera.UWP\Retro Game Camera.UWP.csproj", "{F3DDCA19-B43E-4882-B255-72EAB17B0782}"
EndProject
Project("{FAE04EC0-301F-11D3-BF4B-00C04F79EFBC}") = "Retro Game Camera.Android", "Retro Game Camera\Retro Game Camera.Android\Retro Game Camera.Android.csproj", "{93AEFA6B-EAE4-4505-B1AD-FD90711F7446}"
EndProject
Project("{FAE04EC0-301F-11D3-BF4B-00C04F79EFBC}") = "Retro Game Camera.iOS", "Retro Game Camera\Retro Game Camera.iOS\Retro Game Camera.iOS.csproj", "{4272F952-FC6A-4F0A-8E95-7B8FC5021D52}"
EndProject
Project("{FAE04EC0-301F-11D3-BF4B-00C04F79EFBC}") = "Retro Game Camera", "Retro Game Camera\Retro Game Camera\Retro Game Camera.csproj", "{038AA126-DCF7-4D16-851F-58C43CE05DD5}"
EndProject
Global
	GlobalSection(SolutionConfigurationPlatforms) = preSolution
		Debug|Any CPU = Debug|Any CPU
		Debug|ARM = Debug|ARM
		Debug|iPhone = Debug|iPhone
		Debug|iPhoneSimulator = Debug|iPhoneSimulator
		Debug|x64 = Debug|x64
		Debug|x86 = Debug|x86
		Release|Any CPU = Release|Any CPU
		Release|ARM = Release|ARM
		Release|iPhone = Release|iPhone
		Release|iPhoneSimulator = Release|iPhoneSimulator
		Release|x64 = Release|x64
		Release|x86 = Release|x86
	EndGlobalSection
	GlobalSection(ProjectConfigurationPlatforms) = postSolution
		{F3DDCA19-B43E-4882-B255-72EAB17B0782}.Debug|Any CPU.ActiveCfg = Debug|x86
		{F3DDCA19-B43E-4882-B255-72EAB17B0782}.Debug|Any CPU.Build.0 = Debug|x86
		{F3DDCA19-B43E-4882-B255-72EAB17B0782}.Debug|Any CPU.Deploy.0 = Debug|x86
		{F3DDCA19-B43E-4882-B255-72EAB17B0782}.Debug|ARM.ActiveCfg = Debug|ARM
		{F3DDCA19-B43E-4882-B255-72EAB17B0782}.Debug|ARM.Build.0 = Debug|ARM
		{F3DDCA19-B43E-4882-B255-72EAB17B0782}.Debug|ARM.Deploy.0 = Debug|ARM
		{F3DDCA19-B43E-4882-B255-72EAB17B0782}.Debug|iPhone.ActiveCfg = Debug|x86
		{F3DDCA19-B43E-4882-B255-72EAB17B0782}.Debug|iPhone.Build.0 = Debug|x86
		{F3DDCA19-B43E-4882-B255-72EAB17B0782}.Debug|iPhone.Deploy.0 = Debug|x86
		{F3DDCA19-B43E-4882-B255-72EAB17B0782}.Debug|iPhoneSimulator.ActiveCfg = Debug|x86
		{F3DDCA19-B43E-4882-B255-72EAB17B0782}.Debug|iPhoneSimulator.Build.0 = Debug|x86
		{F3DDCA19-B43E-4882-B255-72EAB17B0782}.Debug|iPhoneSimulator.Deploy.0 = Debug|x86
		{F3DDCA19-B43E-4882-B255-72EAB17B0782}.Debug|x64.ActiveCfg = Debug|x64
		{F3DDCA19-B43E-4882-B255-72EAB17B0782}.Debug|x64.Build.0 = Debug|x64
		{F3DDCA19-B43E-4882-B255-72EAB17B0782}.Debug|x64.Deploy.0 = Debug|x64
		{F3DDCA19-B43E-4882-B255-72EAB17B0782}.Debug|x86.ActiveCfg = Debug|x86
		{F3DDCA19-B43E-4882-B255-72EAB17B0782}.Debug|x86.Build.0 = Debug|x86
		{F3DDCA19-B43E-4882-B255-72EAB17B0782}.Debug|x86.Deploy.0 = Debug|x86
		{F3DDCA19-B43E-4882-B255-72EAB17B0782}.Release|Any CPU.ActiveCfg = Release|x86
		{F3DDCA19-B43E-4882-B255-72EAB17B0782}.Release|Any CPU.Build.0 = Release|x86
		{F3DDCA19-B43E-4882-B255-72EAB17B0782}.Release|Any CPU.Deploy.0 = Release|x86
		{F3DDCA19-B43E-4882-B255-72EAB17B0782}.Release|ARM.ActiveCfg = Release|ARM
		{F3DDCA19-B43E-4882-B255-72EAB17B0782}.Release|ARM.Build.0 = Release|ARM
		{F3DDCA19-B43E-4882-B255-72EAB17B0782}.Release|ARM.Deploy.0 = Release|ARM
		{F3DDCA19-B43E-4882-B255-72EAB17B0782}.Release|iPhone.ActiveCfg = Release|x86
		{F3DDCA19-B43E-4882-B255-72EAB17B0782}.Release|iPhone.Build.0 = Release|x86
		{F3DDCA19-B43E-4882-B255-72EAB17B0782}.Release|iPhone.Deploy.0 = Release|x86
		{F3DDCA19-B43E-4882-B255-72EAB17B0782}.Release|iPhoneSimulator.ActiveCfg = Release|x86
		{F3DDCA19-B43E-4882-B255-72EAB17B0782}.Release|iPhoneSimulator.Build.0 = Release|x86
		{F3DDCA19-B43E-4882-B255-72EAB17B0782}.Release|iPhoneSimulator.Deploy.0 = Release|x86
		{F3DDCA19-B43E-4882-B255-72EAB17B0782}.Release|x64.ActiveCfg = Release|x64
		{F3DDCA19-B43E-4882-B255-72EAB17B0782}.Release|x64.Build.0 = Release|x64
		{F3DDCA19-B43E-4882-B255-72EAB17B0782}.Release|x64.Deploy.0 = Release|x64
		{F3DDCA19-B43E-4882-B255-72EAB17B0782}.Release|x86.ActiveCfg = Release|x86
		{F3DDCA19-B43E-4882-B255-72EAB17B0782}.Release|x86.Build.0 = Release|x86
		{F3DDCA19-B43E-4882-B255-72EAB17B0782}.Release|x86.Deploy.0 = Release|x86
		{93AEFA6B-EAE4-4505-B1AD-FD90711F7446}.Debug|Any CPU.ActiveCfg = Debug|Any CPU
		{93AEFA6B-EAE4-4505-B1AD-FD90711F7446}.Debug|Any CPU.Build.0 = Debug|Any CPU
		{93AEFA6B-EAE4-4505-B1AD-FD90711F7446}.Debug|Any CPU.Deploy.0 = Debug|Any CPU
		{93AEFA6B-EAE4-4505-B1AD-FD90711F7446}.Debug|ARM.ActiveCfg = Debug|Any CPU
		{93AEFA6B-EAE4-4505-B1AD-FD90711F7446}.Debug|ARM.Build.0 = Debug|Any CPU
		{93AEFA6B-EAE4-4505-B1AD-FD90711F7446}.Debug|ARM.Deploy.0 = Debug|Any CPU
		{93AEFA6B-EAE4-4505-B1AD-FD90711F7446}.Debug|iPhone.ActiveCfg = Debug|Any CPU
		{93AEFA6B-EAE4-4505-B1AD-FD90711F7446}.Debug|iPhone.Build.0 = Debug|Any CPU
		{93AEFA6B-EAE4-4505-B1AD-FD90711F7446}.Debug|iPhone.Deploy.0 = Debug|Any CPU
		{93AEFA6B-EAE4-4505-B1AD-FD90711F7446}.Debug|iPhoneSimulator.ActiveCfg = Debug|Any CPU
		{93AEFA6B-EAE4-4505-B1AD-FD90711F7446}.Debug|iPhoneSimulator.Build.0 = Debug|Any CPU
		{93AEFA6B-EAE4-4505-B1AD-FD90711F7446}.Debug|iPhoneSimulator.Deploy.0 = Debug|Any CPU
		{93AEFA6B-EAE4-4505-B1AD-FD90711F7446}.Debug|x64.ActiveCfg = Debug|Any CPU
		{93AEFA6B-EAE4-4505-B1AD-FD90711F7446}.Debug|x64.Build.0 = Debug|Any CPU
		{93AEFA6B-EAE4-4505-B1AD-FD90711F7446}.Debug|x64.Deploy.0 = Debug|Any CPU
		{93AEFA6B-EAE4-4505-B1AD-FD90711F7446}.Debug|x86.ActiveCfg = Debug|Any CPU
		{93AEFA6B-EAE4-4505-B1AD-FD90711F7446}.Debug|x86.Build.0 = Debug|Any CPU
		{93AEFA6B-EAE4-4505-B1AD-FD90711F7446}.Debug|x86.Deploy.0 = Debug|Any CPU
		{93AEFA6B-EAE4-4505-B1AD-FD90711F7446}.Release|Any CPU.ActiveCfg = Release|Any CPU
		{93AEFA6B-EAE4-4505-B1AD-FD90711F7446}.Release|Any CPU.Build.0 = Release|Any CPU
		{93AEFA6B-EAE4-4505-B1AD-FD90711F7446}.Release|Any CPU.Deploy.0 = Release|Any CPU
		{93AEFA6B-EAE4-4505-B1AD-FD90711F7446}.Release|ARM.ActiveCfg = Release|Any CPU
		{93AEFA6B-EAE4-4505-B1AD-FD90711F7446}.Release|ARM.Build.0 = Release|Any CPU
		{93AEFA6B-EAE4-4505-B1AD-FD90711F7446}.Release|ARM.Deploy.0 = Release|Any CPU
		{93AEFA6B-EAE4-4505-B1AD-FD90711F7446}.Release|iPhone.ActiveCfg = Release|Any CPU
		{93AEFA6B-EAE4-4505-B1AD-FD90711F7446}.Release|iPhone.Build.0 = Release|Any CPU
		{93AEFA6B-EAE4-4505-B1AD-FD90711F7446}.Release|iPhone.Deploy.0 = Release|Any CPU
		{93AEFA6B-EAE4-4505-B1AD-FD90711F7446}.Release|iPhoneSimulator.ActiveCfg = Release|Any CPU
		{93AEFA6B-EAE4-4505-B1AD-FD90711F7446}.Release|iPhoneSimulator.Build.0 = Release|Any CPU
		{93AEFA6B-EAE4-4505-B1AD-FD90711F7446}.Release|iPhoneSimulator.Deploy.0 = Release|Any CPU
		{93AEFA6B-EAE4-4505-B1AD-FD90711F7446}.Release|x64.ActiveCfg = Release|Any CPU
		{93AEFA6B-EAE4-4505-B1AD-FD90711F7446}.Release|x64.Build.0 = Release|Any CPU
		{93AEFA6B-EAE4-4505-B1AD-FD90711F7446}.Release|x64.Deploy.0 = Release|Any CPU
		{93AEFA6B-EAE4-4505-B1AD-FD90711F7446}.Release|x86.ActiveCfg = Release|Any CPU
		{93AEFA6B-EAE4-4505-B1AD-FD90711F7446}.Release|x86.Build.0 = Release|Any CPU
		{93AEFA6B-EAE4-4505-B1AD-FD90711F7446}.Release|x86.Deploy.0 = Release|Any CPU
		{4272F952-FC6A-4F0A-8E95-7B8FC5021D52}.Debug|Any CPU.ActiveCfg = Debug|iPhone
		{4272F952-FC6A-4F0A-8E95-7B8FC5021D52}.Debug|Any CPU.Build.0 = Debug|iPhone
		{4272F952-FC6A-4F0A-8E95-7B8FC5021D52}.Debug|Any CPU.Deploy.0 = Debug|iPhone
		{4272F952-FC6A-4F0A-8E95-7B8FC5021D52}.Debug|ARM.ActiveCfg = Debug|iPhoneSimulator
		{4272F952-FC6A-4F0A-8E95-7B8FC5021D52}.Debug|ARM.Build.0 = Debug|iPhoneSimulator
		{4272F952-FC6A-4F0A-8E95-7B8FC5021D52}.Debug|ARM.Deploy.0 = Debug|iPhoneSimulator
		{4272F952-FC6A-4F0A-8E95-7B8FC5021D52}.Debug|iPhone.ActiveCfg = Debug|iPhone
		{4272F952-FC6A-4F0A-8E95-7B8FC5021D52}.Debug|iPhone.Build.0 = Debug|iPhone
		{4272F952-FC6A-4F0A-8E95-7B8FC5021D52}.Debug|iPhone.Deploy.0 = Debug|iPhone
		{4272F952-FC6A-4F0A-8E95-7B8FC5021D52}.Debug|iPhoneSimulator.ActiveCfg = Debug|iPhoneSimulator
		{4272F952-FC6A-4F0A-8E95-7B8FC5021D52}.Debug|iPhoneSimulator.Build.0 = Debug|iPhoneSimulator
		{4272F952-FC6A-4F0A-8E95-7B8FC5021D52}.Debug|iPhoneSimulator.Deploy.0 = Debug|iPhoneSimulator
		{4272F952-FC6A-4F0A-8E95-7B8FC5021D52}.Debug|x64.ActiveCfg = Debug|iPhone
		{4272F952-FC6A-4F0A-8E95-7B8FC5021D52}.Debug|x64.Build.0 = Debug|iPhone
		{4272F952-FC6A-4F0A-8E95-7B8FC5021D52}.Debug|x64.Deploy.0 = Debug|iPhone
		{4272F952-FC6A-4F0A-8E95-7B8FC5021D52}.Debug|x86.ActiveCfg = Debug|iPhone
		{4272F952-FC6A-4F0A-8E95-7B8FC5021D52}.Debug|x86.Build.0 = Debug|iPhone
		{4272F952-FC6A-4F0A-8E95-7B8FC5021D52}.Debug|x86.Deploy.0 = Debug|iPhone
		{4272F952-FC6A-4F0A-8E95-7B8FC5021D52}.Release|Any CPU.ActiveCfg = Release|iPhone
		{4272F952-FC6A-4F0A-8E95-7B8FC5021D52}.Release|Any CPU.Build.0 = Release|iPhone
		{4272F952-FC6A-4F0A-8E95-7B8FC5021D52}.Release|Any CPU.Deploy.0 = Release|iPhone
		{4272F952-FC6A-4F0A-8E95-7B8FC5021D52}.Release|ARM.ActiveCfg = Release|iPhone
		{4272F952-FC6A-4F0A-8E95-7B8FC5021D52}.Release|ARM.Build.0 = Release|iPhone
		{4272F952-FC6A-4F0A-8E95-7B8FC5021D52}.Release|ARM.Deploy.0 = Release|iPhone
		{4272F952-FC6A-4F0A-8E95-7B8FC5021D52}.Release|iPhone.ActiveCfg = Release|iPhone
		{4272F952-FC6A-4F0A-8E95-7B8FC5021D52}.Release|iPhone.Build.0 = Release|iPhone
		{4272F952-FC6A-4F0A-8E95-7B8FC5021D52}.Release|iPhone.Deploy.0 = Release|iPhone
		{4272F952-FC6A-4F0A-8E95-7B8FC5021D52}.Release|iPhoneSimulator.ActiveCfg = Release|iPhoneSimulator
		{4272F952-FC6A-4F0A-8E95-7B8FC5021D52}.Release|iPhoneSimulator.Build.0 = Release|iPhoneSimulator
		{4272F952-FC6A-4F0A-8E95-7B8FC5021D52}.Release|iPhoneSimulator.Deploy.0 = Release|iPhoneSimulator
		{4272F952-FC6A-4F0A-8E95-7B8FC5021D52}.Release|x64.ActiveCfg = Release|iPhone
		{4272F952-FC6A-4F0A-8E95-7B8FC5021D52}.Release|x64.Build.0 = Release|iPhone
		{4272F952-FC6A-4F0A-8E95-7B8FC5021D52}.Release|x64.Deploy.0 = Release|iPhone
		{4272F952-FC6A-4F0A-8E95-7B8FC5021D52}.Release|x86.ActiveCfg = Release|iPhone
		{4272F952-FC6A-4F0A-8E95-7B8FC5021D52}.Release|x86.Build.0 = Release|iPhone
		{4272F952-FC6A-4F0A-8E95-7B8FC5021D52}.Release|x86.Deploy.0 = Release|iPhone
		{038AA126-DCF7-4D16-851F-58C43CE05DD5}.Debug|Any CPU.ActiveCfg = Debug|Any CPU
		{038AA126-DCF7-4D16-851F-58C43CE05DD5}.Debug|Any CPU.Build.0 = Debug|Any CPU
		{038AA126-DCF7-4D16-851F-58C43CE05DD5}.Debug|Any CPU.Deploy.0 = Debug|Any CPU
		{038AA126-DCF7-4D16-851F-58C43CE05DD5}.Debug|ARM.ActiveCfg = Debug|Any CPU
		{038AA126-DCF7-4D16-851F-58C43CE05DD5}.Debug|ARM.Build.0 = Debug|Any CPU
		{038AA126-DCF7-4D16-851F-58C43CE05DD5}.Debug|ARM.Deploy.0 = Debug|Any CPU
		{038AA126-DCF7-4D16-851F-58C43CE05DD5}.Debug|iPhone.ActiveCfg = Debug|Any CPU
		{038AA126-DCF7-4D16-851F-58C43CE05DD5}.Debug|iPhone.Build.0 = Debug|Any CPU
		{038AA126-DCF7-4D16-851F-58C43CE05DD5}.Debug|iPhone.Deploy.0 = Debug|Any CPU
		{038AA126-DCF7-4D16-851F-58C43CE05DD5}.Debug|iPhoneSimulator.ActiveCfg = Debug|Any CPU
		{038AA126-DCF7-4D16-851F-58C43CE05DD5}.Debug|iPhoneSimulator.Build.0 = Debug|Any CPU
		{038AA126-DCF7-4D16-851F-58C43CE05DD5}.Debug|iPhoneSimulator.Deploy.0 = Debug|Any CPU
		{038AA126-DCF7-4D16-851F-58C43CE05DD5}.Debug|x64.ActiveCfg = Debug|Any CPU
		{038AA126-DCF7-4D16-851F-58C43CE05DD5}.Debug|x64.Build.0 = Debug|Any CPU
		{038AA126-DCF7-4D16-851F-58C43CE05DD5}.Debug|x64.Deploy.0 = Debug|Any CPU
		{038AA126-DCF7-4D16-851F-58C43CE05DD5}.Debug|x86.ActiveCfg = Debug|Any CPU
		{038AA126-DCF7-4D16-851F-58C43CE05DD5}.Debug|x86.Build.0 = Debug|Any CPU
		{038AA126-DCF7-4D16-851F-58C43CE05DD5}.Debug|x86.Deploy.0 = Debug|Any CPU
		{038AA126-DCF7-4D16-851F-58C43CE05DD5}.Release|Any CPU.ActiveCfg = Release|Any CPU
		{038AA126-DCF7-4D16-851F-58C43CE05DD5}.Release|Any CPU.Build.0 = Release|Any CPU
		{038AA126-DCF7-4D16-851F-58C43CE05DD5}.Release|Any CPU.Deploy.0 = Release|Any CPU
		{038AA126-DCF7-4D16-851F-58C43CE05DD5}.Release|ARM.ActiveCfg = Release|Any CPU
		{038AA126-DCF7-4D16-851F-58C43CE05DD5}.Release|ARM.Build.0 = Release|Any CPU
		{038AA126-DCF7-4D16-851F-58C43CE05DD5}.Release|ARM.Deploy.0 = Release|Any CPU
		{038AA126-DCF7-4D16-851F-58C43CE05DD5}.Release|iPhone.ActiveCfg = Release|Any CPU
		{038AA126-DCF7-4D16-851F-58C43CE05DD5}.Release|iPhone.Build.0 = Release|Any CPU
		{038AA126-DCF7-4D16-851F-58C43CE05DD5}.Release|iPhone.Deploy.0 = Release|Any CPU
		{038AA126-DCF7-4D16-851F-58C43CE05DD5}.Release|iPhoneSimulator.ActiveCfg = Release|Any CPU
		{038AA126-DCF7-4D16-851F-58C43CE05DD5}.Release|iPhoneSimulator.Build.0 = Release|Any CPU
		{038AA126-DCF7-4D16-851F-58C43CE05DD5}.Release|iPhoneSimulator.Deploy.0 = Release|Any CPU
		{038AA126-DCF7-4D16-851F-58C43CE05DD5}.Release|x64.ActiveCfg = Release|Any CPU
		{038AA126-DCF7-4D16-851F-58C43CE05DD5}.Release|x64.Build.0 = Release|Any CPU
		{038AA126-DCF7-4D16-851F-58C43CE05DD5}.Release|x64.Deploy.0 = Release|Any CPU
		{038AA126-DCF7-4D16-851F-58C43CE05DD5}.Release|x86.ActiveCfg = Release|Any CPU
		{038AA126-DCF7-4D16-851F-58C43CE05DD5}.Release|x86.Build.0 = Release|Any CPU
		{038AA126-DCF7-4D16-851F-58C43CE05DD5}.Release|x86.Deploy.0 = Release|Any CPU
	EndGlobalSection
	GlobalSection(SolutionProperties) = preSolution
		HideSolutionNode = FALSE
	EndGlobalSection
	GlobalSection(ExtensibilityGlobals) = postSolution
		SolutionGuid = {0521823E-D5F9-49E4-946A-DF6A8FAD894D}
	EndGlobalSection
EndGlobal
